
Microsoft Visual Studio Solution File, Format Version 12.00
# Visual Studio Version 17
VisualStudioVersion = 17.8.34330.188
MinimumVisualStudioVersion = 10.0.40219.1
Project("{9A19103F-16F7-4668-BE54-9A1E7A4F7556}") = "FP.Patterns.Factory.Exercice0", "FP.Patterns.Factory.Exercice0.csproj", "{335A6C12-F363-422A-BBA2-7AAB29D346C4}"
EndProject
Project("{9A19103F-16F7-4668-BE54-9A1E7A4F7556}") = "FP.Patterns.Factory.Exercice1", "..\FP.Patterns.Factory.Exercice1\FP.Patterns.Factory.Exercice1.csproj", "{67E56804-FEF6-4F8D-A5ED-C8A07EC8BDB9}"
EndProject
Project("{9A19103F-16F7-4668-BE54-9A1E7A4F7556}") = "FP.Patterns.Factory.Exercice2", "..\FP.Patterns.Factory.Exercice2\FP.Patterns.Factory.Exercice2.csproj", "{D27BFDB3-6469-475D-91DD-3C8940C7230A}"
EndProject
Project("{9A19103F-16F7-4668-BE54-9A1E7A4F7556}") = "FP.Patterns.Factory.Exercice3", "..\FP.Patterns.Factory.Exercice3\FP.Patterns.Factory.Exercice3.csproj", "{35FC72D7-5FA3-4212-954D-75858C345AF2}"
EndProject
Project("{9A19103F-16F7-4668-BE54-9A1E7A4F7556}") = "FP.Patterns.Factory.Exercice4", "..\FP.Patterns.Factory.Exercice4\FP.Patterns.Factory.Exercice4.csproj", "{91A7B231-6A1C-4351-BC7E-F54F16FBCB4B}"
EndProject
Project("{9A19103F-16F7-4668-BE54-9A1E7A4F7556}") = "FP.Patterns.Factory.Exercice5", "..\FP.Patterns.Factory.Exercice5\FP.Patterns.Factory.Exercice5.csproj", "{7AA5E403-FEFF-48F0-A414-5F99C8DBE7B6}"
EndProject
Project("{FAE04EC0-301F-11D3-BF4B-00C04F79EFBC}") = "FP.Patterns.Factory.Exercice6", "..\FP.Patterns.Factory.Exercice6\FP.Patterns.Factory.Exercice6.csproj", "{0A747EC8-2FAA-4D3B-9FAA-565BD1F9260F}"
EndProject
Global
	GlobalSection(SolutionConfigurationPlatforms) = preSolution
		Debug|Any CPU = Debug|Any CPU
		Release|Any CPU = Release|Any CPU
	EndGlobalSection
	GlobalSection(ProjectConfigurationPlatforms) = postSolution
		{335A6C12-F363-422A-BBA2-7AAB29D346C4}.Debug|Any CPU.ActiveCfg = Debug|Any CPU
		{335A6C12-F363-422A-BBA2-7AAB29D346C4}.Debug|Any CPU.Build.0 = Debug|Any CPU
		{335A6C12-F363-422A-BBA2-7AAB29D346C4}.Release|Any CPU.ActiveCfg = Release|Any CPU
		{335A6C12-F363-422A-BBA2-7AAB29D346C4}.Release|Any CPU.Build.0 = Release|Any CPU
		{67E56804-FEF6-4F8D-A5ED-C8A07EC8BDB9}.Debug|Any CPU.ActiveCfg = Debug|Any CPU
		{67E56804-FEF6-4F8D-A5ED-C8A07EC8BDB9}.Debug|Any CPU.Build.0 = Debug|Any CPU
		{67E56804-FEF6-4F8D-A5ED-C8A07EC8BDB9}.Release|Any CPU.ActiveCfg = Release|Any CPU
		{67E56804-FEF6-4F8D-A5ED-C8A07EC8BDB9}.Release|Any CPU.Build.0 = Release|Any CPU
		{D27BFDB3-6469-475D-91DD-3C8940C7230A}.Debug|Any CPU.ActiveCfg = Debug|Any CPU
		{D27BFDB3-6469-475D-91DD-3C8940C7230A}.Debug|Any CPU.Build.0 = Debug|Any CPU
		{D27BFDB3-6469-475D-91DD-3C8940C7230A}.Release|Any CPU.ActiveCfg = Release|Any CPU
		{D27BFDB3-6469-475D-91DD-3C8940C7230A}.Release|Any CPU.Build.0 = Release|Any CPU
		{35FC72D7-5FA3-4212-954D-75858C345AF2}.Debug|Any CPU.ActiveCfg = Debug|Any CPU
		{35FC72D7-5FA3-4212-954D-75858C345AF2}.Debug|Any CPU.Build.0 = Debug|Any CPU
		{35FC72D7-5FA3-4212-954D-75858C345AF2}.Release|Any CPU.ActiveCfg = Release|Any CPU
		{35FC72D7-5FA3-4212-954D-75858C345AF2}.Release|Any CPU.Build.0 = Release|Any CPU
		{91A7B231-6A1C-4351-BC7E-F54F16FBCB4B}.Debug|Any CPU.ActiveCfg = Debug|Any CPU
		{91A7B231-6A1C-4351-BC7E-F54F16FBCB4B}.Debug|Any CPU.Build.0 = Debug|Any CPU
		{91A7B231-6A1C-4351-BC7E-F54F16FBCB4B}.Release|Any CPU.ActiveCfg = Release|Any CPU
		{91A7B231-6A1C-4351-BC7E-F54F16FBCB4B}.Release|Any CPU.Build.0 = Release|Any CPU
		{7AA5E403-FEFF-48F0-A414-5F99C8DBE7B6}.Debug|Any CPU.ActiveCfg = Debug|Any CPU
		{7AA5E403-FEFF-48F0-A414-5F99C8DBE7B6}.Debug|Any CPU.Build.0 = Debug|Any CPU
		{7AA5E403-FEFF-48F0-A414-5F99C8DBE7B6}.Release|Any CPU.ActiveCfg = Release|Any CPU
		{7AA5E403-FEFF-48F0-A414-5F99C8DBE7B6}.Release|Any CPU.Build.0 = Release|Any CPU
		{0A747EC8-2FAA-4D3B-9FAA-565BD1F9260F}.Debug|Any CPU.ActiveCfg = Debug|Any CPU
		{0A747EC8-2FAA-4D3B-9FAA-565BD1F9260F}.Debug|Any CPU.Build.0 = Debug|Any CPU
		{0A747EC8-2FAA-4D3B-9FAA-565BD1F9260F}.Release|Any CPU.ActiveCfg = Release|Any CPU
		{0A747EC8-2FAA-4D3B-9FAA-565BD1F9260F}.Release|Any CPU.Build.0 = Release|Any CPU
	EndGlobalSection
	GlobalSection(SolutionProperties) = preSolution
		HideSolutionNode = FALSE
	EndGlobalSection
	GlobalSection(ExtensibilityGlobals) = postSolution
		SolutionGuid = {773E6D2F-61FE-4322-A0F2-5DB7F6A33524}
	EndGlobalSection
EndGlobal
